PODS:
  - AFNetworking (3.2.1):
    - AFNetworking/NSURLSession (= 3.2.1)
    - AFNetworking/Reachability (= 3.2.1)
    - AFNetworking/Security (= 3.2.1)
    - AFNetworking/Serialization (= 3.2.1)
    - AFNetworking/UIKit (= 3.2.1)
  - AFNetworking/NSURLSession (3.2.1):
    - AFNetworking/Reachability
    - AFNetworking/Security
    - AFNetworking/Serialization
  - AFNetworking/Reachability (3.2.1)
  - AFNetworking/Security (3.2.1)
  - AFNetworking/Serialization (3.2.1)
  - AFNetworking/UIKit (3.2.1):
    - AFNetworking/NSURLSession
  - JYCarousel (0.0.3)

DEPENDENCIES:
  - AFNetworking
  - JYCarousel

SPEC REPOS:
  https://github.com/cocoapods/specs.git:
    - AFNetworking
    - JYCarousel

SPEC CHECKSUMS:
  AFNetworking: b6f891fdfaed196b46c7a83cf209e09697b94057
  JYCarousel: a2f25330a90775505a57c6d731e1606baad0d330

PODFILE CHECKSUM: 3764729b69d0464c9814055e4f94b68cf7e10b9c

COCOAPODS: 1.5.3
